
Microsoft Visual Studio Solution File, Format Version 12.00
# Visual Studio Version 17
VisualStudioVersion = 17.11.35312.102
MinimumVisualStudioVersion = 10.0.40219.1
Project("{FAE04EC0-301F-11D3-BF4B-00C04F79EFBC}") = "01_MainSubject", "01_MainSubject\01_MainSubject.csproj", "{363FBBEE-C6C0-4297-AB8F-C2C296202A5C}"
EndProject
Project("{FAE04EC0-301F-11D3-BF4B-00C04F79EFBC}") = "02_Variables", "02_Variables\02_Variables.csproj", "{3D5E3F8B-628C-45EA-B2CB-A3FB99D94308}"
EndProject
Project("{2150E333-8FDC-42A3-9474-1A3956D46DE8}") = "Solution Items", "Solution Items", "{2F18CCCC-6F14-4733-9FB3-DA3706F82B04}"
	ProjectSection(SolutionItems) = preProject
		.gitignore = .gitignore
	EndProjectSection
EndProject
Project("{FAE04EC0-301F-11D3-BF4B-00C04F79EFBC}") = "03_MakingDecision", "03_MakingDecision\03_MakingDecision.csproj", "{241DC964-46A4-4E37-9F65-5DD420F58749}"
EndProject
Project("{FAE04EC0-301F-11D3-BF4B-00C04F79EFBC}") = "04_Loops", "04_Loops\04_Loops.csproj", "{A1F93CC8-3E5B-44F4-B261-E680EA0D7546}"
EndProject
Project("{FAE04EC0-301F-11D3-BF4B-00C04F79EFBC}") = "05_LoopsWithStars", "05_LoopsWithStars\05_LoopsWithStars.csproj", "{61CD2AB9-E8A5-4DA5-8AFD-C64D560B542B}"
EndProject
Global
	GlobalSection(SolutionConfigurationPlatforms) = preSolution
		Debug|Any CPU = Debug|Any CPU
		Release|Any CPU = Release|Any CPU
	EndGlobalSection
	GlobalSection(ProjectConfigurationPlatforms) = postSolution
		{363FBBEE-C6C0-4297-AB8F-C2C296202A5C}.Debug|Any CPU.ActiveCfg = Debug|Any CPU
		{363FBBEE-C6C0-4297-AB8F-C2C296202A5C}.Debug|Any CPU.Build.0 = Debug|Any CPU
		{363FBBEE-C6C0-4297-AB8F-C2C296202A5C}.Release|Any CPU.ActiveCfg = Release|Any CPU
		{363FBBEE-C6C0-4297-AB8F-C2C296202A5C}.Release|Any CPU.Build.0 = Release|Any CPU
		{3D5E3F8B-628C-45EA-B2CB-A3FB99D94308}.Debug|Any CPU.ActiveCfg = Debug|Any CPU
		{3D5E3F8B-628C-45EA-B2CB-A3FB99D94308}.Debug|Any CPU.Build.0 = Debug|Any CPU
		{3D5E3F8B-628C-45EA-B2CB-A3FB99D94308}.Release|Any CPU.ActiveCfg = Release|Any CPU
		{3D5E3F8B-628C-45EA-B2CB-A3FB99D94308}.Release|Any CPU.Build.0 = Release|Any CPU
		{241DC964-46A4-4E37-9F65-5DD420F58749}.Debug|Any CPU.ActiveCfg = Debug|Any CPU
		{241DC964-46A4-4E37-9F65-5DD420F58749}.Debug|Any CPU.Build.0 = Debug|Any CPU
		{241DC964-46A4-4E37-9F65-5DD420F58749}.Release|Any CPU.ActiveCfg = Release|Any CPU
		{241DC964-46A4-4E37-9F65-5DD420F58749}.Release|Any CPU.Build.0 = Release|Any CPU
		{A1F93CC8-3E5B-44F4-B261-E680EA0D7546}.Debug|Any CPU.ActiveCfg = Debug|Any CPU
		{A1F93CC8-3E5B-44F4-B261-E680EA0D7546}.Debug|Any CPU.Build.0 = Debug|Any CPU
		{A1F93CC8-3E5B-44F4-B261-E680EA0D7546}.Release|Any CPU.ActiveCfg = Release|Any CPU
		{A1F93CC8-3E5B-44F4-B261-E680EA0D7546}.Release|Any CPU.Build.0 = Release|Any CPU
		{61CD2AB9-E8A5-4DA5-8AFD-C64D560B542B}.Debug|Any CPU.ActiveCfg = Debug|Any CPU
		{61CD2AB9-E8A5-4DA5-8AFD-C64D560B542B}.Debug|Any CPU.Build.0 = Debug|Any CPU
		{61CD2AB9-E8A5-4DA5-8AFD-C64D560B542B}.Release|Any CPU.ActiveCfg = Release|Any CPU
		{61CD2AB9-E8A5-4DA5-8AFD-C64D560B542B}.Release|Any CPU.Build.0 = Release|Any CPU
	EndGlobalSection
	GlobalSection(SolutionProperties) = preSolution
		HideSolutionNode = FALSE
	EndGlobalSection
	GlobalSection(ExtensibilityGlobals) = postSolution
		SolutionGuid = {057674E9-FB52-407F-B8D9-BFD50FB7DFD7}
	EndGlobalSection
EndGlobal
